
Microsoft Visual Studio Solution File, Format Version 12.00
# Visual Studio Version 17
VisualStudioVersion = 17.3.32922.545
MinimumVisualStudioVersion = 10.0.40219.1
Project("{9A19103F-16F7-4668-BE54-9A1E7A4F7556}") = "Ex01", "Ex01\Ex01.csproj", "{710C72BE-1C31-45BB-9491-394E220A237B}"
EndProject
Project("{9A19103F-16F7-4668-BE54-9A1E7A4F7556}") = "Ex02", "Ex02\Ex02.csproj", "{DA757EFE-F49D-446B-8B51-54E2844B29BD}"
EndProject
Project("{9A19103F-16F7-4668-BE54-9A1E7A4F7556}") = "Ex03", "Ex03\Ex03.csproj", "{D7AF5388-6CD3-4560-B40E-F49586BAE040}"
EndProject
Project("{9A19103F-16F7-4668-BE54-9A1E7A4F7556}") = "Ex04", "Ex04\Ex04.csproj", "{8DD765BF-E605-439B-9709-4E25D9040ED0}"
EndProject
Project("{9A19103F-16F7-4668-BE54-9A1E7A4F7556}") = "Ex03.b", "Ex03.b\Ex03.b.csproj", "{8D0F1DF8-BA52-40D2-AA7E-39841D803E2B}"
EndProject
Project("{9A19103F-16F7-4668-BE54-9A1E7A4F7556}") = "Ex05", "Ex05\Ex05.csproj", "{FFA78829-7AE8-483B-94BE-A73A4E05D941}"
EndProject
Project("{9A19103F-16F7-4668-BE54-9A1E7A4F7556}") = "Ex06", "Ex06\Ex06.csproj", "{0F55429B-8A47-46AD-A3B5-D9EC814AE95B}"
EndProject
Project("{9A19103F-16F7-4668-BE54-9A1E7A4F7556}") = "Ex07", "Ex07\Ex07.csproj", "{CE2DF547-0C4B-49D3-B8F0-855C286DC99A}"
EndProject
Project("{9A19103F-16F7-4668-BE54-9A1E7A4F7556}") = "Ex08", "Ex08\Ex08.csproj", "{0F25A093-B8FD-4970-A47F-77B2E6E3BA8B}"
EndProject
Project("{9A19103F-16F7-4668-BE54-9A1E7A4F7556}") = "Ex09", "Ex09\Ex09.csproj", "{BB714FC0-D133-450D-8B16-889788362DB9}"
EndProject
Project("{9A19103F-16F7-4668-BE54-9A1E7A4F7556}") = "Ex09.b", "Ex09.b\Ex09.b.csproj", "{FA82E076-3F5E-4548-8AD1-BB7D0BE31BD9}"
EndProject
Project("{9A19103F-16F7-4668-BE54-9A1E7A4F7556}") = "Ex10", "Ex10\Ex10.csproj", "{3A736AE3-2ACF-43C1-8794-174F6AA59CE2}"
EndProject
Project("{FAE04EC0-301F-11D3-BF4B-00C04F79EFBC}") = "Ex 10.b", "Ex 10.b\Ex 10.b.csproj", "{BBB240F4-1B59-4BE6-BA5C-058AE1D5F12C}"
EndProject
Project("{FAE04EC0-301F-11D3-BF4B-00C04F79EFBC}") = "Ex01 Examen DAW", "Ex01 Examen DAW\Ex01 Examen DAW.csproj", "{893780AE-B6EF-4C6B-8C1D-E963E77DC5B8}"
EndProject
Project("{FAE04EC0-301F-11D3-BF4B-00C04F79EFBC}") = "Ex02Examen Daw", "Ex02Examen Daw\Ex02Examen Daw.csproj", "{55A8BA69-9F8B-4172-9C96-D0A485B88AFE}"
EndProject
Project("{FAE04EC0-301F-11D3-BF4B-00C04F79EFBC}") = "Ex03Examen DAW", "Ex03Examen DAW\Ex03Examen DAW.csproj", "{3933BAEB-CF68-4450-BC65-B2AD7D4B217B}"
EndProject
Project("{FAE04EC0-301F-11D3-BF4B-00C04F79EFBC}") = "proves", "proves\proves.csproj", "{34B6B1A2-3930-46F1-AF58-2F440C9F3CCC}"
EndProject
Global
	GlobalSection(SolutionConfigurationPlatforms) = preSolution
		Debug|Any CPU = Debug|Any CPU
		Release|Any CPU = Release|Any CPU
	EndGlobalSection
	GlobalSection(ProjectConfigurationPlatforms) = postSolution
		{710C72BE-1C31-45BB-9491-394E220A237B}.Debug|Any CPU.ActiveCfg = Debug|Any CPU
		{710C72BE-1C31-45BB-9491-394E220A237B}.Debug|Any CPU.Build.0 = Debug|Any CPU
		{710C72BE-1C31-45BB-9491-394E220A237B}.Release|Any CPU.ActiveCfg = Release|Any CPU
		{710C72BE-1C31-45BB-9491-394E220A237B}.Release|Any CPU.Build.0 = Release|Any CPU
		{DA757EFE-F49D-446B-8B51-54E2844B29BD}.Debug|Any CPU.ActiveCfg = Debug|Any CPU
		{DA757EFE-F49D-446B-8B51-54E2844B29BD}.Debug|Any CPU.Build.0 = Debug|Any CPU
		{DA757EFE-F49D-446B-8B51-54E2844B29BD}.Release|Any CPU.ActiveCfg = Release|Any CPU
		{DA757EFE-F49D-446B-8B51-54E2844B29BD}.Release|Any CPU.Build.0 = Release|Any CPU
		{D7AF5388-6CD3-4560-B40E-F49586BAE040}.Debug|Any CPU.ActiveCfg = Debug|Any CPU
		{D7AF5388-6CD3-4560-B40E-F49586BAE040}.Debug|Any CPU.Build.0 = Debug|Any CPU
		{D7AF5388-6CD3-4560-B40E-F49586BAE040}.Release|Any CPU.ActiveCfg = Release|Any CPU
		{D7AF5388-6CD3-4560-B40E-F49586BAE040}.Release|Any CPU.Build.0 = Release|Any CPU
		{8DD765BF-E605-439B-9709-4E25D9040ED0}.Debug|Any CPU.ActiveCfg = Debug|Any CPU
		{8DD765BF-E605-439B-9709-4E25D9040ED0}.Debug|Any CPU.Build.0 = Debug|Any CPU
		{8DD765BF-E605-439B-9709-4E25D9040ED0}.Release|Any CPU.ActiveCfg = Release|Any CPU
		{8DD765BF-E605-439B-9709-4E25D9040ED0}.Release|Any CPU.Build.0 = Release|Any CPU
		{8D0F1DF8-BA52-40D2-AA7E-39841D803E2B}.Debug|Any CPU.ActiveCfg = Debug|Any CPU
		{8D0F1DF8-BA52-40D2-AA7E-39841D803E2B}.Debug|Any CPU.Build.0 = Debug|Any CPU
		{8D0F1DF8-BA52-40D2-AA7E-39841D803E2B}.Release|Any CPU.ActiveCfg = Release|Any CPU
		{8D0F1DF8-BA52-40D2-AA7E-39841D803E2B}.Release|Any CPU.Build.0 = Release|Any CPU
		{FFA78829-7AE8-483B-94BE-A73A4E05D941}.Debug|Any CPU.ActiveCfg = Debug|Any CPU
		{FFA78829-7AE8-483B-94BE-A73A4E05D941}.Debug|Any CPU.Build.0 = Debug|Any CPU
		{FFA78829-7AE8-483B-94BE-A73A4E05D941}.Release|Any CPU.ActiveCfg = Release|Any CPU
		{FFA78829-7AE8-483B-94BE-A73A4E05D941}.Release|Any CPU.Build.0 = Release|Any CPU
		{0F55429B-8A47-46AD-A3B5-D9EC814AE95B}.Debug|Any CPU.ActiveCfg = Debug|Any CPU
		{0F55429B-8A47-46AD-A3B5-D9EC814AE95B}.Debug|Any CPU.Build.0 = Debug|Any CPU
		{0F55429B-8A47-46AD-A3B5-D9EC814AE95B}.Release|Any CPU.ActiveCfg = Release|Any CPU
		{0F55429B-8A47-46AD-A3B5-D9EC814AE95B}.Release|Any CPU.Build.0 = Release|Any CPU
		{CE2DF547-0C4B-49D3-B8F0-855C286DC99A}.Debug|Any CPU.ActiveCfg = Debug|Any CPU
		{CE2DF547-0C4B-49D3-B8F0-855C286DC99A}.Debug|Any CPU.Build.0 = Debug|Any CPU
		{CE2DF547-0C4B-49D3-B8F0-855C286DC99A}.Release|Any CPU.ActiveCfg = Release|Any CPU
		{CE2DF547-0C4B-49D3-B8F0-855C286DC99A}.Release|Any CPU.Build.0 = Release|Any CPU
		{0F25A093-B8FD-4970-A47F-77B2E6E3BA8B}.Debug|Any CPU.ActiveCfg = Debug|Any CPU
		{0F25A093-B8FD-4970-A47F-77B2E6E3BA8B}.Debug|Any CPU.Build.0 = Debug|Any CPU
		{0F25A093-B8FD-4970-A47F-77B2E6E3BA8B}.Release|Any CPU.ActiveCfg = Release|Any CPU
		{0F25A093-B8FD-4970-A47F-77B2E6E3BA8B}.Release|Any CPU.Build.0 = Release|Any CPU
		{BB714FC0-D133-450D-8B16-889788362DB9}.Debug|Any CPU.ActiveCfg = Debug|Any CPU
		{BB714FC0-D133-450D-8B16-889788362DB9}.Debug|Any CPU.Build.0 = Debug|Any CPU
		{BB714FC0-D133-450D-8B16-889788362DB9}.Release|Any CPU.ActiveCfg = Release|Any CPU
		{BB714FC0-D133-450D-8B16-889788362DB9}.Release|Any CPU.Build.0 = Release|Any CPU
		{FA82E076-3F5E-4548-8AD1-BB7D0BE31BD9}.Debug|Any CPU.ActiveCfg = Debug|Any CPU
		{FA82E076-3F5E-4548-8AD1-BB7D0BE31BD9}.Debug|Any CPU.Build.0 = Debug|Any CPU
		{FA82E076-3F5E-4548-8AD1-BB7D0BE31BD9}.Release|Any CPU.ActiveCfg = Release|Any CPU
		{FA82E076-3F5E-4548-8AD1-BB7D0BE31BD9}.Release|Any CPU.Build.0 = Release|Any CPU
		{3A736AE3-2ACF-43C1-8794-174F6AA59CE2}.Debug|Any CPU.ActiveCfg = Debug|Any CPU
		{3A736AE3-2ACF-43C1-8794-174F6AA59CE2}.Debug|Any CPU.Build.0 = Debug|Any CPU
		{3A736AE3-2ACF-43C1-8794-174F6AA59CE2}.Release|Any CPU.ActiveCfg = Release|Any CPU
		{3A736AE3-2ACF-43C1-8794-174F6AA59CE2}.Release|Any CPU.Build.0 = Release|Any CPU
		{BBB240F4-1B59-4BE6-BA5C-058AE1D5F12C}.Debug|Any CPU.ActiveCfg = Debug|Any CPU
		{BBB240F4-1B59-4BE6-BA5C-058AE1D5F12C}.Debug|Any CPU.Build.0 = Debug|Any CPU
		{BBB240F4-1B59-4BE6-BA5C-058AE1D5F12C}.Release|Any CPU.ActiveCfg = Release|Any CPU
		{BBB240F4-1B59-4BE6-BA5C-058AE1D5F12C}.Release|Any CPU.Build.0 = Release|Any CPU
		{893780AE-B6EF-4C6B-8C1D-E963E77DC5B8}.Debug|Any CPU.ActiveCfg = Debug|Any CPU
		{893780AE-B6EF-4C6B-8C1D-E963E77DC5B8}.Debug|Any CPU.Build.0 = Debug|Any CPU
		{893780AE-B6EF-4C6B-8C1D-E963E77DC5B8}.Release|Any CPU.ActiveCfg = Release|Any CPU
		{893780AE-B6EF-4C6B-8C1D-E963E77DC5B8}.Release|Any CPU.Build.0 = Release|Any CPU
		{55A8BA69-9F8B-4172-9C96-D0A485B88AFE}.Debug|Any CPU.ActiveCfg = Debug|Any CPU
		{55A8BA69-9F8B-4172-9C96-D0A485B88AFE}.Debug|Any CPU.Build.0 = Debug|Any CPU
		{55A8BA69-9F8B-4172-9C96-D0A485B88AFE}.Release|Any CPU.ActiveCfg = Release|Any CPU
		{55A8BA69-9F8B-4172-9C96-D0A485B88AFE}.Release|Any CPU.Build.0 = Release|Any CPU
		{3933BAEB-CF68-4450-BC65-B2AD7D4B217B}.Debug|Any CPU.ActiveCfg = Debug|Any CPU
		{3933BAEB-CF68-4450-BC65-B2AD7D4B217B}.Debug|Any CPU.Build.0 = Debug|Any CPU
		{3933BAEB-CF68-4450-BC65-B2AD7D4B217B}.Release|Any CPU.ActiveCfg = Release|Any CPU
		{3933BAEB-CF68-4450-BC65-B2AD7D4B217B}.Release|Any CPU.Build.0 = Release|Any CPU
		{34B6B1A2-3930-46F1-AF58-2F440C9F3CCC}.Debug|Any CPU.ActiveCfg = Debug|Any CPU
		{34B6B1A2-3930-46F1-AF58-2F440C9F3CCC}.Debug|Any CPU.Build.0 = Debug|Any CPU
		{34B6B1A2-3930-46F1-AF58-2F440C9F3CCC}.Release|Any CPU.ActiveCfg = Release|Any CPU
		{34B6B1A2-3930-46F1-AF58-2F440C9F3CCC}.Release|Any CPU.Build.0 = Release|Any CPU
	EndGlobalSection
	GlobalSection(SolutionProperties) = preSolution
		HideSolutionNode = FALSE
	EndGlobalSection
	GlobalSection(ExtensibilityGlobals) = postSolution
		SolutionGuid = {E2F6CB49-A7F4-4E74-98A0-AE331F1ACCEE}
	EndGlobalSection
EndGlobal
